// !$*UTF8*$!
{
	archiveVersion = 1;
	classes = {
	};
	objectVersion = 50;
	objects = {

/* Begin PBXBuildFile section */
		416FBB06E49CD2A7797B384A /* Pods_MemoryGame.framework in Frameworks */ = {isa = PBXBuildFile; fileRef = DEEAB3E8C1181032166911C5 /* Pods_MemoryGame.framework */; };
		D111761025323B0E00BDE940 /* AppDelegate.swift in Sources */ = {isa = PBXBuildFile; fileRef = D111760F25323B0E00BDE940 /* AppDelegate.swift */; };
		D111761225323B0E00BDE940 /* SceneDelegate.swift in Sources */ = {isa = PBXBuildFile; fileRef = D111761125323B0E00BDE940 /* SceneDelegate.swift */; };
		D111761425323B0E00BDE940 /* ViewController.swift in Sources */ = {isa = PBXBuildFile; fileRef = D111761325323B0E00BDE940 /* ViewController.swift */; };
		D111761725323B0E00BDE940 /* Main.storyboard in Resources */ = {isa = PBXBuildFile; fileRef = D111761525323B0E00BDE940 /* Main.storyboard */; };
		D111761925323B0E00BDE940 /* Assets.xcassets in Resources */ = {isa = PBXBuildFile; fileRef = D111761825323B0E00BDE940 /* Assets.xcassets */; };
		D111761C25323B0E00BDE940 /* LaunchScreen.storyboard in Resources */ = {isa = PBXBuildFile; fileRef = D111761A25323B0E00BDE940 /* LaunchScreen.storyboard */; };
		D111762725323B0E00BDE940 /* MemoryGameTests.swift in Sources */ = {isa = PBXBuildFile; fileRef = D111762625323B0E00BDE940 /* MemoryGameTests.swift */; };
		D111763225323B0E00BDE940 /* MemoryGameUITests.swift in Sources */ = {isa = PBXBuildFile; fileRef = D111763125323B0E00BDE940 /* MemoryGameUITests.swift */; };
		D1536C83253372D9004314D9 /* MemoryGame.swift in Sources */ = {isa = PBXBuildFile; fileRef = D1536C82253372D9004314D9 /* MemoryGame.swift */; };
		D18A61D62534ACFC00FBEF05 /* ItemCollectionViewCell.swift in Sources */ = {isa = PBXBuildFile; fileRef = D18A61D42534ACFC00FBEF05 /* ItemCollectionViewCell.swift */; };
		D18A61D72534ACFC00FBEF05 /* ItemCollectionViewCell.xib in Resources */ = {isa = PBXBuildFile; fileRef = D18A61D52534ACFC00FBEF05 /* ItemCollectionViewCell.xib */; };
		D18A61DF2534AF1200FBEF05 /* Card.swift in Sources */ = {isa = PBXBuildFile; fileRef = D18A61DE2534AF1200FBEF05 /* Card.swift */; };
		D631E3D986837583F202623D /* Pods_MemoryGame_MemoryGameUITests.framework in Frameworks */ = {isa = PBXBuildFile; fileRef = A3181966043A193A6986061B /* Pods_MemoryGame_MemoryGameUITests.framework */; };
		D7ACA502C8DDA33ACFB68A8C /* Pods_MemoryGameTests.framework in Frameworks */ = {isa = PBXBuildFile; fileRef = 5588DAD6400326E7DE3733DC /* Pods_MemoryGameTests.framework */; };
/* End PBXBuildFile section */

/* Begin PBXContainerItemProxy section */
		D111762325323B0E00BDE940 /* PBXContainerItemProxy */ = {
			isa = PBXContainerItemProxy;
			containerPortal = D111760425323B0E00BDE940 /* Project object */;
			proxyType = 1;
			remoteGlobalIDString = D111760B25323B0E00BDE940;
			remoteInfo = MemoryGame;
		};
		D111762E25323B0E00BDE940 /* PBXContainerItemProxy */ = {
			isa = PBXContainerItemProxy;
			containerPortal = D111760425323B0E00BDE940 /* Project object */;
			proxyType = 1;
			remoteGlobalIDString = D111760B25323B0E00BDE940;
			remoteInfo = MemoryGame;
		};
/* End PBXContainerItemProxy section */

/* Begin PBXFileReference section */
		1CC6FC92ABBFBAE00465FFA1 /* Pods-MemoryGameTests.release.xcconfig */ = {isa = PBXFileReference; includeInIndex = 1; lastKnownFileType = text.xcconfig; name = "Pods-MemoryGameTests.release.xcconfig"; path = "Target Support Files/Pods-MemoryGameTests/Pods-MemoryGameTests.release.xcconfig"; sourceTree = "<group>"; };
		4B1905082FE7B13B1C30C286 /* Pods-MemoryGame.debug.xcconfig */ = {isa = PBXFileReference; includeInIndex = 1; lastKnownFileType = text.xcconfig; name = "Pods-MemoryGame.debug.xcconfig"; path = "Target Support Files/Pods-MemoryGame/Pods-MemoryGame.debug.xcconfig"; sourceTree = "<group>"; };
		5588DAD6400326E7DE3733DC /* Pods_MemoryGameTests.framework */ = {isa = PBXFileReference; explicitFileType = wrapper.framework; includeInIndex = 0; path = Pods_MemoryGameTests.framework; sourceTree = BUILT_PRODUCTS_DIR; };
		74E35698D41E690580AD00FB /* Pods-MemoryGame-MemoryGameUITests.debug.xcconfig */ = {isa = PBXFileReference; includeInIndex = 1; lastKnownFileType = text.xcconfig; name = "Pods-MemoryGame-MemoryGameUITests.debug.xcconfig"; path = "Target Support Files/Pods-MemoryGame-MemoryGameUITests/Pods-MemoryGame-MemoryGameUITests.debug.xcconfig"; sourceTree = "<group>"; };
		8A71D7788F9464EB53C23A06 /* Pods-MemoryGame-MemoryGameUITests.release.xcconfig */ = {isa = PBXFileReference; includeInIndex = 1; lastKnownFileType = text.xcconfig; name = "Pods-MemoryGame-MemoryGameUITests.release.xcconfig"; path = "Target Support Files/Pods-MemoryGame-MemoryGameUITests/Pods-MemoryGame-MemoryGameUITests.release.xcconfig"; sourceTree = "<group>"; };
		A3181966043A193A6986061B /* Pods_MemoryGame_MemoryGameUITests.framework */ = {isa = PBXFileReference; explicitFileType = wrapper.framework; includeInIndex = 0; path = Pods_MemoryGame_MemoryGameUITests.framework; sourceTree = BUILT_PRODUCTS_DIR; };
		C6830019F775886B6003ED32 /* Pods-MemoryGame.release.xcconfig */ = {isa = PBXFileReference; includeInIndex = 1; lastKnownFileType = text.xcconfig; name = "Pods-MemoryGame.release.xcconfig"; path = "Target Support Files/Pods-MemoryGame/Pods-MemoryGame.release.xcconfig"; sourceTree = "<group>"; };
		D111760C25323B0E00BDE940 /* MemoryGame.app */ = {isa = PBXFileReference; explicitFileType = wrapper.application; includeInIndex = 0; path = MemoryGame.app; sourceTree = BUILT_PRODUCTS_DIR; };
		D111760F25323B0E00BDE940 /* AppDelegate.swift */ = {isa = PBXFileReference; lastKnownFileType = sourcecode.swift; path = AppDelegate.swift; sourceTree = "<group>"; };
		D111761125323B0E00BDE940 /* SceneDelegate.swift */ = {isa = PBXFileReference; lastKnownFileType = sourcecode.swift; path = SceneDelegate.swift; sourceTree = "<group>"; };
		D111761325323B0E00BDE940 /* ViewController.swift */ = {isa = PBXFileReference; lastKnownFileType = sourcecode.swift; path = ViewController.swift; sourceTree = "<group>"; };
		D111761625323B0E00BDE940 /* Base */ = {isa = PBXFileReference; lastKnownFileType = file.storyboard; name = Base; path = Base.lproj/Main.storyboard; sourceTree = "<group>"; };
		D111761825323B0E00BDE940 /* Assets.xcassets */ = {isa = PBXFileReference; lastKnownFileType = folder.assetcatalog; path = Assets.xcassets; sourceTree = "<group>"; };
		D111761B25323B0E00BDE940 /* Base */ = {isa = PBXFileReference; lastKnownFileType = file.storyboard; name = Base; path = Base.lproj/LaunchScreen.storyboard; sourceTree = "<group>"; };
		D111761D25323B0E00BDE940 /* Info.plist */ = {isa = PBXFileReference; lastKnownFileType = text.plist.xml; path = Info.plist; sourceTree = "<group>"; };
		D111762225323B0E00BDE940 /* MemoryGameTests.xctest */ = {isa = PBXFileReference; explicitFileType = wrapper.cfbundle; includeInIndex = 0; path = MemoryGameTests.xctest; sourceTree = BUILT_PRODUCTS_DIR; };
		D111762625323B0E00BDE940 /* MemoryGameTests.swift */ = {isa = PBXFileReference; lastKnownFileType = sourcecode.swift; path = MemoryGameTests.swift; sourceTree = "<group>"; };
		D111762825323B0E00BDE940 /* Info.plist */ = {isa = PBXFileReference; lastKnownFileType = text.plist.xml; path = Info.plist; sourceTree = "<group>"; };
		D111762D25323B0E00BDE940 /* MemoryGameUITests.xctest */ = {isa = PBXFileReference; explicitFileType = wrapper.cfbundle; includeInIndex = 0; path = MemoryGameUITests.xctest; sourceTree = BUILT_PRODUCTS_DIR; };
		D111763125323B0E00BDE940 /* MemoryGameUITests.swift */ = {isa = PBXFileReference; lastKnownFileType = sourcecode.swift; path = MemoryGameUITests.swift; sourceTree = "<group>"; };
		D111763325323B0E00BDE940 /* Info.plist */ = {isa = PBXFileReference; lastKnownFileType = text.plist.xml; path = Info.plist; sourceTree = "<group>"; };
		D1536C82253372D9004314D9 /* MemoryGame.swift */ = {isa = PBXFileReference; lastKnownFileType = sourcecode.swift; path = MemoryGame.swift; sourceTree = "<group>"; };
		D18A61D42534ACFC00FBEF05 /* ItemCollectionViewCell.swift */ = {isa = PBXFileReference; lastKnownFileType = sourcecode.swift; name = ItemCollectionViewCell.swift; path = MemoryGame/ItemCollectionViewCell.swift; sourceTree = SOURCE_ROOT; };
		D18A61D52534ACFC00FBEF05 /* ItemCollectionViewCell.xib */ = {isa = PBXFileReference; lastKnownFileType = file.xib; name = ItemCollectionViewCell.xib; path = MemoryGame/ItemCollectionViewCell.xib; sourceTree = SOURCE_ROOT; };
		D18A61DE2534AF1200FBEF05 /* Card.swift */ = {isa = PBXFileReference; lastKnownFileType = sourcecode.swift; path = Card.swift; sourceTree = "<group>"; };
		DEEAB3E8C1181032166911C5 /* Pods_MemoryGame.framework */ = {isa = PBXFileReference; explicitFileType = wrapper.framework; includeInIndex = 0; path = Pods_MemoryGame.framework; sourceTree = BUILT_PRODUCTS_DIR; };
		F848BEC0FC3EA1B6E301B6C8 /* Pods-MemoryGameTests.debug.xcconfig */ = {isa = PBXFileReference; includeInIndex = 1; lastKnownFileType = text.xcconfig; name = "Pods-MemoryGameTests.debug.xcconfig"; path = "Target Support Files/Pods-MemoryGameTests/Pods-MemoryGameTests.debug.xcconfig"; sourceTree = "<group>"; };
/* End PBXFileReference section */

/* Begin PBXFrameworksBuildPhase section */
		D111760925323B0E00BDE940 /* Frameworks */ = {
			isa = PBXFrameworksBuildPhase;
			buildActionMask = 2147483647;
			files = (
				416FBB06E49CD2A7797B384A /* Pods_MemoryGame.framework in Frameworks */,
			);
			runOnlyForDeploymentPostprocessing = 0;
		};
		D111761F25323B0E00BDE940 /* Frameworks */ = {
			isa = PBXFrameworksBuildPhase;
			buildActionMask = 2147483647;
			files = (
				D7ACA502C8DDA33ACFB68A8C /* Pods_MemoryGameTests.framework in Frameworks */,
			);
			runOnlyForDeploymentPostprocessing = 0;
		};
		D111762A25323B0E00BDE940 /* Frameworks */ = {
			isa = PBXFrameworksBuildPhase;
			buildActionMask = 2147483647;
			files = (
				D631E3D986837583F202623D /* Pods_MemoryGame_MemoryGameUITests.framework in Frameworks */,
			);
			runOnlyForDeploymentPostprocessing = 0;
		};
/* End PBXFrameworksBuildPhase section */

/* Begin PBXGroup section */
		1812ABB1D47E720A69EB0B34 /* Frameworks */ = {
			isa = PBXGroup;
			children = (
				DEEAB3E8C1181032166911C5 /* Pods_MemoryGame.framework */,
				A3181966043A193A6986061B /* Pods_MemoryGame_MemoryGameUITests.framework */,
				5588DAD6400326E7DE3733DC /* Pods_MemoryGameTests.framework */,
			);
			name = Frameworks;
			sourceTree = "<group>";
		};
		5B886FF4AE820DCDB9E575EC /* Pods */ = {
			isa = PBXGroup;
			children = (
				4B1905082FE7B13B1C30C286 /* Pods-MemoryGame.debug.xcconfig */,
				C6830019F775886B6003ED32 /* Pods-MemoryGame.release.xcconfig */,
				74E35698D41E690580AD00FB /* Pods-MemoryGame-MemoryGameUITests.debug.xcconfig */,
				8A71D7788F9464EB53C23A06 /* Pods-MemoryGame-MemoryGameUITests.release.xcconfig */,
				F848BEC0FC3EA1B6E301B6C8 /* Pods-MemoryGameTests.debug.xcconfig */,
				1CC6FC92ABBFBAE00465FFA1 /* Pods-MemoryGameTests.release.xcconfig */,
			);
			name = Pods;
			path = Pods;
			sourceTree = "<group>";
		};
		D111760325323B0E00BDE940 = {
			isa = PBXGroup;
			children = (
				D111760E25323B0E00BDE940 /* MemoryGame */,
				D111762525323B0E00BDE940 /* MemoryGameTests */,
				D111763025323B0E00BDE940 /* MemoryGameUITests */,
				D111760D25323B0E00BDE940 /* Products */,
				5B886FF4AE820DCDB9E575EC /* Pods */,
				1812ABB1D47E720A69EB0B34 /* Frameworks */,
			);
			sourceTree = "<group>";
		};
		D111760D25323B0E00BDE940 /* Products */ = {
			isa = PBXGroup;
			children = (
				D111760C25323B0E00BDE940 /* MemoryGame.app */,
				D111762225323B0E00BDE940 /* MemoryGameTests.xctest */,
				D111762D25323B0E00BDE940 /* MemoryGameUITests.xctest */,
			);
			name = Products;
			sourceTree = "<group>";
		};
		D111760E25323B0E00BDE940 /* MemoryGame */ = {
			isa = PBXGroup;
			children = (
				D1536C81253372BA004314D9 /* Models */,
				D111760F25323B0E00BDE940 /* AppDelegate.swift */,
				D111761125323B0E00BDE940 /* SceneDelegate.swift */,
				D111761325323B0E00BDE940 /* ViewController.swift */,
				D111761525323B0E00BDE940 /* Main.storyboard */,
				D111761825323B0E00BDE940 /* Assets.xcassets */,
				D111761A25323B0E00BDE940 /* LaunchScreen.storyboard */,
				D111761D25323B0E00BDE940 /* Info.plist */,
				D18A61D42534ACFC00FBEF05 /* ItemCollectionViewCell.swift */,
				D18A61D52534ACFC00FBEF05 /* ItemCollectionViewCell.xib */,
			);
			path = MemoryGame;
			sourceTree = "<group>";
		};
		D111762525323B0E00BDE940 /* MemoryGameTests */ = {
			isa = PBXGroup;
			children = (
				D111762625323B0E00BDE940 /* MemoryGameTests.swift */,
				D111762825323B0E00BDE940 /* Info.plist */,
			);
			path = MemoryGameTests;
			sourceTree = "<group>";
		};
		D111763025323B0E00BDE940 /* MemoryGameUITests */ = {
			isa = PBXGroup;
			children = (
				D111763125323B0E00BDE940 /* MemoryGameUITests.swift */,
				D111763325323B0E00BDE940 /* Info.plist */,
			);
			path = MemoryGameUITests;
			sourceTree = "<group>";
		};
		D1536C81253372BA004314D9 /* Models */ = {
			isa = PBXGroup;
			children = (
				D1536C82253372D9004314D9 /* MemoryGame.swift */,
				D18A61DE2534AF1200FBEF05 /* Card.swift */,
			);
			path = Models;
			sourceTree = "<group>";
		};
/* End PBXGroup section */

/* Begin PBXNativeTarget section */
		D111760B25323B0E00BDE940 /* MemoryGame */ = {
			isa = PBXNativeTarget;
			buildConfigurationList = D111763625323B0E00BDE940 /* Build configuration list for PBXNativeTarget "MemoryGame" */;
			buildPhases = (
				EAB67789D29154A2F3EC8943 /* [CP] Check Pods Manifest.lock */,
				D111760825323B0E00BDE940 /* Sources */,
				D111760925323B0E00BDE940 /* Frameworks */,
				D111760A25323B0E00BDE940 /* Resources */,
			);
			buildRules = (
			);
			dependencies = (
			);
			name = MemoryGame;
			productName = MemoryGame;
			productReference = D111760C25323B0E00BDE940 /* MemoryGame.app */;
			productType = "com.apple.product-type.application";
		};
		D111762125323B0E00BDE940 /* MemoryGameTests */ = {
			isa = PBXNativeTarget;
			buildConfigurationList = D111763925323B0E00BDE940 /* Build configuration list for PBXNativeTarget "MemoryGameTests" */;
			buildPhases = (
				C3355BF0507B0EE10079D1D5 /* [CP] Check Pods Manifest.lock */,
				D111761E25323B0E00BDE940 /* Sources */,
				D111761F25323B0E00BDE940 /* Frameworks */,
				D111762025323B0E00BDE940 /* Resources */,
				70A9F5A04C9EEC5CF9CDD5D2 /* [CP] Embed Pods Frameworks */,
			);
			buildRules = (
			);
			dependencies = (
				D111762425323B0E00BDE940 /* PBXTargetDependency */,
			);
			name = MemoryGameTests;
			productName = MemoryGameTests;
			productReference = D111762225323B0E00BDE940 /* MemoryGameTests.xctest */;
			productType = "com.apple.product-type.bundle.unit-test";
		};
		D111762C25323B0E00BDE940 /* MemoryGameUITests */ = {
			isa = PBXNativeTarget;
			buildConfigurationList = D111763C25323B0E00BDE940 /* Build configuration list for PBXNativeTarget "MemoryGameUITests" */;
			buildPhases = (
				3DFBD3F7ACF38F04893755F1 /* [CP] Check Pods Manifest.lock */,
				D111762925323B0E00BDE940 /* Sources */,
				D111762A25323B0E00BDE940 /* Frameworks */,
				D111762B25323B0E00BDE940 /* Resources */,
			);
			buildRules = (
			);
			dependencies = (
				D111762F25323B0E00BDE940 /* PBXTargetDependency */,
			);
			name = MemoryGameUITests;
			productName = MemoryGameUITests;
			productReference = D111762D25323B0E00BDE940 /* MemoryGameUITests.xctest */;
			productType = "com.apple.product-type.bundle.ui-testing";
		};
/* End PBXNativeTarget section */

/* Begin PBXProject section */
		D111760425323B0E00BDE940 /* Project object */ = {
			isa = PBXProject;
			attributes = {
				LastSwiftUpdateCheck = 1200;
				LastUpgradeCheck = 1200;
				TargetAttributes = {
					D111760B25323B0E00BDE940 = {
						CreatedOnToolsVersion = 12.0.1;
					};
					D111762125323B0E00BDE940 = {
						CreatedOnToolsVersion = 12.0.1;
						TestTargetID = D111760B25323B0E00BDE940;
					};
					D111762C25323B0E00BDE940 = {
						CreatedOnToolsVersion = 12.0.1;
						TestTargetID = D111760B25323B0E00BDE940;
					};
				};
			};
			buildConfigurationList = D111760725323B0E00BDE940 /* Build configuration list for PBXProject "MemoryGame" */;
			compatibilityVersion = "Xcode 9.3";
			developmentRegion = en;
			hasScannedForEncodings = 0;
			knownRegions = (
				en,
				Base,
			);
			mainGroup = D111760325323B0E00BDE940;
			productRefGroup = D111760D25323B0E00BDE940 /* Products */;
			projectDirPath = "";
			projectRoot = "";
			targets = (
				D111760B25323B0E00BDE940 /* MemoryGame */,
				D111762125323B0E00BDE940 /* MemoryGameTests */,
				D111762C25323B0E00BDE940 /* MemoryGameUITests */,
			);
		};
/* End PBXProject section */

/* Begin PBXResourcesBuildPhase section */
		D111760A25323B0E00BDE940 /* Resources */ = {
			isa = PBXResourcesBuildPhase;
			buildActionMask = 2147483647;
			files = (
				D111761C25323B0E00BDE940 /* LaunchScreen.storyboard in Resources */,
				D18A61D72534ACFC00FBEF05 /* ItemCollectionViewCell.xib in Resources */,
				D111761925323B0E00BDE940 /* Assets.xcassets in Resources */,
				D111761725323B0E00BDE940 /* Main.storyboard in Resources */,
			);
			runOnlyForDeploymentPostprocessing = 0;
		};
		D111762025323B0E00BDE940 /* Resources */ = {
			isa = PBXResourcesBuildPhase;
			buildActionMask = 2147483647;
			files = (
			);
			runOnlyForDeploymentPostprocessing = 0;
		};
		D111762B25323B0E00BDE940 /* Resources */ = {
			isa = PBXResourcesBuildPhase;
			buildActionMask = 2147483647;
			files = (
			);
			runOnlyForDeploymentPostprocessing = 0;
		};
/* End PBXResourcesBuildPhase section */

/* Begin PBXShellScriptBuildPhase section */
		3DFBD3F7ACF38F04893755F1 /* [CP] Check Pods Manifest.lock */ = {
			isa = PBXShellScriptBuildPhase;
			buildActionMask = 2147483647;
			files = (
			);
			inputFileListPaths = (
			);
			inputPaths = (
				"${PODS_PODFILE_DIR_PATH}/Podfile.lock",
				"${PODS_ROOT}/Manifest.lock",
			);
			name = "[CP] Check Pods Manifest.lock";
			outputFileListPaths = (
			);
			outputPaths = (
				"$(DERIVED_FILE_DIR)/Pods-MemoryGame-MemoryGameUITests-checkManifestLockResult.txt",
			);
			runOnlyForDeploymentPostprocessing = 0;
			shellPath = /bin/sh;
			shellScript = "diff \"${PODS_PODFILE_DIR_PATH}/Podfile.lock\" \"${PODS_ROOT}/Manifest.lock\" > /dev/null\nif [ $? != 0 ] ; then\n    # print error to STDERR\n    echo \"error: The sandbox is not in sync with the Podfile.lock. Run 'pod install' or update your CocoaPods installation.\" >&2\n    exit 1\nfi\n# This output is used by Xcode 'outputs' to avoid re-running this script phase.\necho \"SUCCESS\" > \"${SCRIPT_OUTPUT_FILE_0}\"\n";
			showEnvVarsInLog = 0;
		};
		70A9F5A04C9EEC5CF9CDD5D2 /* [CP] Embed Pods Frameworks */ = {
			isa = PBXShellScriptBuildPhase;
			buildActionMask = 2147483647;
			files = (
			);
			inputFileListPaths = (
				"${PODS_ROOT}/Target Support Files/Pods-MemoryGameTests/Pods-MemoryGameTests-frameworks-${CONFIGURATION}-input-files.xcfilelist",
			);
			name = "[CP] Embed Pods Frameworks";
			outputFileListPaths = (
				"${PODS_ROOT}/Target Support Files/Pods-MemoryGameTests/Pods-MemoryGameTests-frameworks-${CONFIGURATION}-output-files.xcfilelist",
			);
			runOnlyForDeploymentPostprocessing = 0;
			shellPath = /bin/sh;
			shellScript = "\"${PODS_ROOT}/Target Support Files/Pods-MemoryGameTests/Pods-MemoryGameTests-frameworks.sh\"\n";
			showEnvVarsInLog = 0;
		};
		C3355BF0507B0EE10079D1D5 /* [CP] Check Pods Manifest.lock */ = {
			isa = PBXShellScriptBuildPhase;
			buildActionMask = 2147483647;
			files = (
			);
			inputFileListPaths = (
			);
			inputPaths = (
				"${PODS_PODFILE_DIR_PATH}/Podfile.lock",
				"${PODS_ROOT}/Manifest.lock",
			);
			name = "[CP] Check Pods Manifest.lock";
			outputFileListPaths = (
			);
			outputPaths = (
				"$(DERIVED_FILE_DIR)/Pods-MemoryGameTests-checkManifestLockResult.txt",
			);
			runOnlyForDeploymentPostprocessing = 0;
			shellPath = /bin/sh;
			shellScript = "diff \"${PODS_PODFILE_DIR_PATH}/Podfile.lock\" \"${PODS_ROOT}/Manifest.lock\" > /dev/null\nif [ $? != 0 ] ; then\n    # print error to STDERR\n    echo \"error: The sandbox is not in sync with the Podfile.lock. Run 'pod install' or update your CocoaPods installation.\" >&2\n    exit 1\nfi\n# This output is used by Xcode 'outputs' to avoid re-running this script phase.\necho \"SUCCESS\" > \"${SCRIPT_OUTPUT_FILE_0}\"\n";
			showEnvVarsInLog = 0;
		};
		EAB67789D29154A2F3EC8943 /* [CP] Check Pods Manifest.lock */ = {
			isa = PBXShellScriptBuildPhase;
			buildActionMask = 2147483647;
			files = (
			);
			inputFileListPaths = (
			);
			inputPaths = (
				"${PODS_PODFILE_DIR_PATH}/Podfile.lock",
				"${PODS_ROOT}/Manifest.lock",
			);
			name = "[CP] Check Pods Manifest.lock";
			outputFileListPaths = (
			);
			outputPaths = (
				"$(DERIVED_FILE_DIR)/Pods-MemoryGame-checkManifestLockResult.txt",
			);
			runOnlyForDeploymentPostprocessing = 0;
			shellPath = /bin/sh;
			shellScript = "diff \"${PODS_PODFILE_DIR_PATH}/Podfile.lock\" \"${PODS_ROOT}/Manifest.lock\" > /dev/null\nif [ $? != 0 ] ; then\n    # print error to STDERR\n    echo \"error: The sandbox is not in sync with the Podfile.lock. Run 'pod install' or update your CocoaPods installation.\" >&2\n    exit 1\nfi\n# This output is used by Xcode 'outputs' to avoid re-running this script phase.\necho \"SUCCESS\" > \"${SCRIPT_OUTPUT_FILE_0}\"\n";
			showEnvVarsInLog = 0;
		};
/* End PBXShellScriptBuildPhase section */

/* Begin PBXSourcesBuildPhase section */
		D111760825323B0E00BDE940 /* Sources */ = {
			isa = PBXSourcesBuildPhase;
			buildActionMask = 2147483647;
			files = (
				D111761425323B0E00BDE940 /* ViewController.swift in Sources */,
				D111761025323B0E00BDE940 /* AppDelegate.swift in Sources */,
				D18A61DF2534AF1200FBEF05 /* Card.swift in Sources */,
				D1536C83253372D9004314D9 /* MemoryGame.swift in Sources */,
				D18A61D62534ACFC00FBEF05 /* ItemCollectionViewCell.swift in Sources */,
				D111761225323B0E00BDE940 /* SceneDelegate.swift in Sources */,
			);
			runOnlyForDeploymentPostprocessing = 0;
		};
		D111761E25323B0E00BDE940 /* Sources */ = {
			isa = PBXSourcesBuildPhase;
			buildActionMask = 2147483647;
			files = (
				D111762725323B0E00BDE940 /* MemoryGameTests.swift in Sources */,
			);
			runOnlyForDeploymentPostprocessing = 0;
		};
		D111762925323B0E00BDE940 /* Sources */ = {
			isa = PBXSourcesBuildPhase;
			buildActionMask = 2147483647;
			files = (
				D111763225323B0E00BDE940 /* MemoryGameUITests.swift in Sources */,
			);
			runOnlyForDeploymentPostprocessing = 0;
		};
/* End PBXSourcesBuildPhase section */

/* Begin PBXTargetDependency section */
		D111762425323B0E00BDE940 /* PBXTargetDependency */ = {
			isa = PBXTargetDependency;
			target = D111760B25323B0E00BDE940 /* MemoryGame */;
			targetProxy = D111762325323B0E00BDE940 /* PBXContainerItemProxy */;
		};
		D111762F25323B0E00BDE940 /* PBXTargetDependency */ = {
			isa = PBXTargetDependency;
			target = D111760B25323B0E00BDE940 /* MemoryGame */;
			targetProxy = D111762E25323B0E00BDE940 /* PBXContainerItemProxy */;
		};
/* End PBXTargetDependency section */

/* Begin PBXVariantGroup section */
		D111761525323B0E00BDE940 /* Main.storyboard */ = {
			isa = PBXVariantGroup;
			children = (
				D111761625323B0E00BDE940 /* Base */,
			);
			name = Main.storyboard;
			sourceTree = "<group>";
		};
		D111761A25323B0E00BDE940 /* LaunchScreen.storyboard */ = {
			isa = PBXVariantGroup;
			children = (
				D111761B25323B0E00BDE940 /* Base */,
			);
			name = LaunchScreen.storyboard;
			sourceTree = "<group>";
		};
/* End PBXVariantGroup section */

/* Begin XCBuildConfiguration section */
		D111763425323B0E00BDE940 /* Debug */ = {
			isa = XCBuildConfiguration;
			buildSettings = {
				ALWAYS_SEARCH_USER_PATHS = NO;
				CLANG_ANALYZER_NONNULL = YES;
				CLANG_ANALYZER_NUMBER_OBJECT_CONVERSION = YES_AGGRESSIVE;
				CLANG_CXX_LANGUAGE_STANDARD = "gnu++14";
				CLANG_CXX_LIBRARY = "libc++";
				CLANG_ENABLE_MODULES = YES;
				CLANG_ENABLE_OBJC_ARC = YES;
				CLANG_ENABLE_OBJC_WEAK = YES;
				CLANG_WARN_BLOCK_CAPTURE_AUTORELEASING = YES;
				CLANG_WARN_BOOL_CONVERSION = YES;
				CLANG_WARN_COMMA = YES;
				CLANG_WARN_CONSTANT_CONVERSION = YES;
				CLANG_WARN_DEPRECATED_OBJC_IMPLEMENTATIONS = YES;
				CLANG_WARN_DIRECT_OBJC_ISA_USAGE = YES_ERROR;
				CLANG_WARN_DOCUMENTATION_COMMENTS = YES;
				CLANG_WARN_EMPTY_BODY = YES;
				CLANG_WARN_ENUM_CONVERSION = YES;
				CLANG_WARN_INFINITE_RECURSION = YES;
				CLANG_WARN_INT_CONVERSION = YES;
				CLANG_WARN_NON_LITERAL_NULL_CONVERSION = YES;
				CLANG_WARN_OBJC_IMPLICIT_RETAIN_SELF = YES;
				CLANG_WARN_OBJC_LITERAL_CONVERSION = YES;
				CLANG_WARN_OBJC_ROOT_CLASS = YES_ERROR;
				CLANG_WARN_QUOTED_INCLUDE_IN_FRAMEWORK_HEADER = YES;
				CLANG_WARN_RANGE_LOOP_ANALYSIS = YES;
				CLANG_WARN_STRICT_PROTOTYPES = YES;
				CLANG_WARN_SUSPICIOUS_MOVE = YES;
				CLANG_WARN_UNGUARDED_AVAILABILITY = YES_AGGRESSIVE;
				CLANG_WARN_UNREACHABLE_CODE = YES;
				CLANG_WARN__DUPLICATE_METHOD_MATCH = YES;
				COPY_PHASE_STRIP = NO;
				DEBUG_INFORMATION_FORMAT = dwarf;
				ENABLE_STRICT_OBJC_MSGSEND = YES;
				ENABLE_TESTABILITY = YES;
				GCC_C_LANGUAGE_STANDARD = gnu11;
				GCC_DYNAMIC_NO_PIC = NO;
				GCC_NO_COMMON_BLOCKS = YES;
				GCC_OPTIMIZATION_LEVEL = 0;
				GCC_PREPROCESSOR_DEFINITIONS = (
					"DEBUG=1",
					"$(inherited)",
				);
				GCC_WARN_64_TO_32_BIT_CONVERSION = YES;
				GCC_WARN_ABOUT_RETURN_TYPE = YES_ERROR;
				GCC_WARN_UNDECLARED_SELECTOR = YES;
				GCC_WARN_UNINITIALIZED_AUTOS = YES_AGGRESSIVE;
				GCC_WARN_UNUSED_FUNCTION = YES;
				GCC_WARN_UNUSED_VARIABLE = YES;
				IPHONEOS_DEPLOYMENT_TARGET = 14.0;
				MTL_ENABLE_DEBUG_INFO = INCLUDE_SOURCE;
				MTL_FAST_MATH = YES;
				ONLY_ACTIVE_ARCH = YES;
				SDKROOT = iphoneos;
				SWIFT_ACTIVE_COMPILATION_CONDITIONS = DEBUG;
				SWIFT_OPTIMIZATION_LEVEL = "-Onone";
			};
			name = Debug;
		};
		D111763525323B0E00BDE940 /* Release */ = {
			isa = XCBuildConfiguration;
			buildSettings = {
				ALWAYS_SEARCH_USER_PATHS = NO;
				CLANG_ANALYZER_NONNULL = YES;
				CLANG_ANALYZER_NUMBER_OBJECT_CONVERSION = YES_AGGRESSIVE;
				CLANG_CXX_LANGUAGE_STANDARD = "gnu++14";
				CLANG_CXX_LIBRARY = "libc++";
				CLANG_ENABLE_MODULES = YES;
				CLANG_ENABLE_OBJC_ARC = YES;
				CLANG_ENABLE_OBJC_WEAK = YES;
				CLANG_WARN_BLOCK_CAPTURE_AUTORELEASING = YES;
				CLANG_WARN_BOOL_CONVERSION = YES;
				CLANG_WARN_COMMA = YES;
				CLANG_WARN_CONSTANT_CONVERSION = YES;
				CLANG_WARN_DEPRECATED_OBJC_IMPLEMENTATIONS = YES;
				CLANG_WARN_DIRECT_OBJC_ISA_USAGE = YES_ERROR;
				CLANG_WARN_DOCUMENTATION_COMMENTS = YES;
				CLANG_WARN_EMPTY_BODY = YES;
				CLANG_WARN_ENUM_CONVERSION = YES;
				CLANG_WARN_INFINITE_RECURSION = YES;
				CLANG_WARN_INT_CONVERSION = YES;
				CLANG_WARN_NON_LITERAL_NULL_CONVERSION = YES;
				CLANG_WARN_OBJC_IMPLICIT_RETAIN_SELF = YES;
				CLANG_WARN_OBJC_LITERAL_CONVERSION = YES;
				CLANG_WARN_OBJC_ROOT_CLASS = YES_ERROR;
				CLANG_WARN_QUOTED_INCLUDE_IN_FRAMEWORK_HEADER = YES;
				CLANG_WARN_RANGE_LOOP_ANALYSIS = YES;
				CLANG_WARN_STRICT_PROTOTYPES = YES;
				CLANG_WARN_SUSPICIOUS_MOVE = YES;
				CLANG_WARN_UNGUARDED_AVAILABILITY = YES_AGGRESSIVE;
				CLANG_WARN_UNREACHABLE_CODE = YES;
				CLANG_WARN__DUPLICATE_METHOD_MATCH = YES;
				COPY_PHASE_STRIP = NO;
				DEBUG_INFORMATION_FORMAT = "dwarf-with-dsym";
				ENABLE_NS_ASSERTIONS = NO;
				ENABLE_STRICT_OBJC_MSGSEND = YES;
				GCC_C_LANGUAGE_STANDARD = gnu11;
				GCC_NO_COMMON_BLOCKS = YES;
				GCC_WARN_64_TO_32_BIT_CONVERSION = YES;
				GCC_WARN_ABOUT_RETURN_TYPE = YES_ERROR;
				GCC_WARN_UNDECLARED_SELECTOR = YES;
				GCC_WARN_UNINITIALIZED_AUTOS = YES_AGGRESSIVE;
				GCC_WARN_UNUSED_FUNCTION = YES;
				GCC_WARN_UNUSED_VARIABLE = YES;
				IPHONEOS_DEPLOYMENT_TARGET = 14.0;
				MTL_ENABLE_DEBUG_INFO = NO;
				MTL_FAST_MATH = YES;
				SDKROOT = iphoneos;
				SWIFT_COMPILATION_MODE = wholemodule;
				SWIFT_OPTIMIZATION_LEVEL = "-O";
				VALIDATE_PRODUCT = YES;
			};
			name = Release;
		};
		D111763725323B0E00BDE940 /* Debug */ = {
			isa = XCBuildConfiguration;
			baseConfigurationReference = 4B1905082FE7B13B1C30C286 /* Pods-MemoryGame.debug.xcconfig */;
			buildSettings = {
				ASSETCATALOG_COMPILER_APPICON_NAME = AppIcon;
				ASSETCATALOG_COMPILER_GLOBAL_ACCENT_COLOR_NAME = AccentColor;
				CODE_SIGN_STYLE = Automatic;
				DEVELOPMENT_TEAM = 6VH6Z2K8J7;
				INFOPLIST_FILE = MemoryGame/Info.plist;
				LD_RUNPATH_SEARCH_PATHS = (
					"$(inherited)",
					"@executable_path/Frameworks",
				);
				PRODUCT_BUNDLE_IDENTIFIER = br.com.cwi.treinamento.ricardo.MemoryGame;
				PRODUCT_NAME = "$(TARGET_NAME)";
				SWIFT_VERSION = 5.0;
				TARGETED_DEVICE_FAMILY = "1,2";
			};
			name = Debug;
		};
		D111763825323B0E00BDE940 /* Release */ = {
			isa = XCBuildConfiguration;
			baseConfigurationReference = C6830019F775886B6003ED32 /* Pods-MemoryGame.release.xcconfig */;
			buildSettings = {
				ASSETCATALOG_COMPILER_APPICON_NAME = AppIcon;
				ASSETCATALOG_COMPILER_GLOBAL_ACCENT_COLOR_NAME = AccentColor;
				CODE_SIGN_STYLE = Automatic;
				DEVELOPMENT_TEAM = 6VH6Z2K8J7;
				INFOPLIST_FILE = MemoryGame/Info.plist;
				LD_RUNPATH_SEARCH_PATHS = (
					"$(inherited)",
					"@executable_path/Frameworks",
				);
				PRODUCT_BUNDLE_IDENTIFIER = br.com.cwi.treinamento.ricardo.MemoryGame;
				PRODUCT_NAME = "$(TARGET_NAME)";
				SWIFT_VERSION = 5.0;
				TARGETED_DEVICE_FAMILY = "1,2";
			};
			name = Release;
		};
		D111763A25323B0E00BDE940 /* Debug */ = {
			isa = XCBuildConfiguration;
			baseConfigurationReference = F848BEC0FC3EA1B6E301B6C8 /* Pods-MemoryGameTests.debug.xcconfig */;
			buildSettings = {
				ALWAYS_EMBED_SWIFT_STANDARD_LIBRARIES = YES;
				BUNDLE_LOADER = "$(TEST_HOST)";
				CODE_SIGN_STYLE = Automatic;
				DEVELOPMENT_TEAM = 6VH6Z2K8J7;
				INFOPLIST_FILE = MemoryGameTests/Info.plist;
				IPHONEOS_DEPLOYMENT_TARGET = 14.0;
				LD_RUNPATH_SEARCH_PATHS = (
					"$(inherited)",
					"@executable_path/Frameworks",
					"@loader_path/Frameworks",
				);
				PRODUCT_BUNDLE_IDENTIFIER = br.com.cwi.treinamento.ricardo.MemoryGameTests;
				PRODUCT_NAME = "$(TARGET_NAME)";
				SWIFT_VERSION = 5.0;
				TARGETED_DEVICE_FAMILY = "1,2";
				TEST_HOST = "$(BUILT_PRODUCTS_DIR)/MemoryGame.app/MemoryGame";
			};
			name = Debug;
		};
		D111763B25323B0E00BDE940 /* Release */ = {
			isa = XCBuildConfiguration;
			baseConfigurationReference = 1CC6FC92ABBFBAE00465FFA1 /* Pods-MemoryGameTests.release.xcconfig */;
			buildSettings = {
				ALWAYS_EMBED_SWIFT_STANDARD_LIBRARIES = YES;
				BUNDLE_LOADER = "$(TEST_HOST)";
				CODE_SIGN_STYLE = Automatic;
				DEVELOPMENT_TEAM = 6VH6Z2K8J7;
				INFOPLIST_FILE = MemoryGameTests/Info.plist;
				IPHONEOS_DEPLOYMENT_TARGET = 14.0;
				LD_RUNPATH_SEARCH_PATHS = (
					"$(inherited)",
					"@executable_path/Frameworks",
					"@loader_path/Frameworks",
				);
				PRODUCT_BUNDLE_IDENTIFIER = br.com.cwi.treinamento.ricardo.MemoryGameTests;
				PRODUCT_NAME = "$(TARGET_NAME)";
				SWIFT_VERSION = 5.0;
				TARGETED_DEVICE_FAMILY = "1,2";
				TEST_HOST = "$(BUILT_PRODUCTS_DIR)/MemoryGame.app/MemoryGame";
			};
			name = Release;
		};
		D111763D25323B0E00BDE940 /* Debug */ = {
			isa = XCBuildConfiguration;
			baseConfigurationReference = 74E35698D41E690580AD00FB /* Pods-MemoryGame-MemoryGameUITests.debug.xcconfig */;
			buildSettings = {
				ALWAYS_EMBED_SWIFT_STANDARD_LIBRARIES = YES;
				CODE_SIGN_STYLE = Automatic;
				DEVELOPMENT_TEAM = 6VH6Z2K8J7;
				INFOPLIST_FILE = MemoryGameUITests/Info.plist;
				LD_RUNPATH_SEARCH_PATHS = (
					"$(inherited)",
					"@executable_path/Frameworks",
					"@loader_path/Frameworks",
				);
				PRODUCT_BUNDLE_IDENTIFIER = br.com.cwi.treinamento.ricardo.MemoryGameUITests;
				PRODUCT_NAME = "$(TARGET_NAME)";
				SWIFT_VERSION = 5.0;
				TARGETED_DEVICE_FAMILY = "1,2";
				TEST_TARGET_NAME = MemoryGame;
			};
			name = Debug;
		};
		D111763E25323B0E00BDE940 /* Release */ = {
			isa = XCBuildConfiguration;
			baseConfigurationReference = 8A71D7788F9464EB53C23A06 /* Pods-MemoryGame-MemoryGameUITests.release.xcconfig */;
			buildSettings = {
				ALWAYS_EMBED_SWIFT_STANDARD_LIBRARIES = YES;
				CODE_SIGN_STYLE = Automatic;
				DEVELOPMENT_TEAM = 6VH6Z2K8J7;
				INFOPLIST_FILE = MemoryGameUITests/Info.plist;
				LD_RUNPATH_SEARCH_PATHS = (
					"$(inherited)",
					"@executable_path/Frameworks",
					"@loader_path/Frameworks",
				);
				PRODUCT_BUNDLE_IDENTIFIER = br.com.cwi.treinamento.ricardo.MemoryGameUITests;
				PRODUCT_NAME = "$(TARGET_NAME)";
				SWIFT_VERSION = 5.0;
				TARGETED_DEVICE_FAMILY = "1,2";
				TEST_TARGET_NAME = MemoryGame;
			};
			name = Release;
		};
/* End XCBuildConfiguration section */

/* Begin XCConfigurationList section */
		D111760725323B0E00BDE940 /* Build configuration list for PBXProject "MemoryGame" */ = {
			isa = XCConfigurationList;
			buildConfigurations = (
				D111763425323B0E00BDE940 /* Debug */,
				D111763525323B0E00BDE940 /* Release */,
			);
			defaultConfigurationIsVisible = 0;
			defaultConfigurationName = Release;
		};
		D111763625323B0E00BDE940 /* Build configuration list for PBXNativeTarget "MemoryGame" */ = {
			isa = XCConfigurationList;
			buildConfigurations = (
				D111763725323B0E00BDE940 /* Debug */,
				D111763825323B0E00BDE940 /* Release */,
			);
			defaultConfigurationIsVisible = 0;
			defaultConfigurationName = Release;
		};
		D111763925323B0E00BDE940 /* Build configuration list for PBXNativeTarget "MemoryGameTests" */ = {
			isa = XCConfigurationList;
			buildConfigurations = (
				D111763A25323B0E00BDE940 /* Debug */,
				D111763B25323B0E00BDE940 /* Release */,
			);
			defaultConfigurationIsVisible = 0;
			defaultConfigurationName = Release;
		};
		D111763C25323B0E00BDE940 /* Build configuration list for PBXNativeTarget "MemoryGameUITests" */ = {
			isa = XCConfigurationList;
			buildConfigurations = (
				D111763D25323B0E00BDE940 /* Debug */,
				D111763E25323B0E00BDE940 /* Release */,
			);
			defaultConfigurationIsVisible = 0;
			defaultConfigurationName = Release;
		};
/* End XCConfigurationList section */
	};
	rootObject = D111760425323B0E00BDE940 /* Project object */;
}
